
Microsoft Visual Studio Solution File, Format Version 12.00
# Visual Studio Version 16
VisualStudioVersion = 16.0.31515.178
MinimumVisualStudioVersion = 10.0.40219.1
Project("{9A19103F-16F7-4668-BE54-9A1E7A4F7556}") = "CalculatorApp", "CalculatorApp.csproj", "{DB9F6AA1-D4E6-4FA0-8F3A-36837C6CB87A}"
EndProject
Project("{FAE04EC0-301F-11D3-BF4B-00C04F79EFBC}") = "CalculatorApp471", "..\CalculatorApp471\CalculatorApp471.csproj", "{88C91DA1-115D-426F-AF74-23D4B87B15A3}"
EndProject
Global
	GlobalSection(SolutionConfigurationPlatforms) = preSolution
		Debug|Any CPU = Debug|Any CPU
		Release|Any CPU = Release|Any CPU
	EndGlobalSection
	GlobalSection(ProjectConfigurationPlatforms) = postSolution
		{DB9F6AA1-D4E6-4FA0-8F3A-36837C6CB87A}.Debug|Any CPU.ActiveCfg = Debug|Any CPU
		{DB9F6AA1-D4E6-4FA0-8F3A-36837C6CB87A}.Debug|Any CPU.Build.0 = Debug|Any CPU
		{DB9F6AA1-D4E6-4FA0-8F3A-36837C6CB87A}.Release|Any CPU.ActiveCfg = Release|Any CPU
		{DB9F6AA1-D4E6-4FA0-8F3A-36837C6CB87A}.Release|Any CPU.Build.0 = Release|Any CPU
		{88C91DA1-115D-426F-AF74-23D4B87B15A3}.Debug|Any CPU.ActiveCfg = Debug|Any CPU
		{88C91DA1-115D-426F-AF74-23D4B87B15A3}.Debug|Any CPU.Build.0 = Debug|Any CPU
		{88C91DA1-115D-426F-AF74-23D4B87B15A3}.Release|Any CPU.ActiveCfg = Release|Any CPU
		{88C91DA1-115D-426F-AF74-23D4B87B15A3}.Release|Any CPU.Build.0 = Release|Any CPU
	EndGlobalSection
	GlobalSection(SolutionProperties) = preSolution
		HideSolutionNode = FALSE
	EndGlobalSection
	GlobalSection(ExtensibilityGlobals) = postSolution
		SolutionGuid = {4E51D34A-31A5-43B1-9C1E-9DFBA3837A13}
	EndGlobalSection
EndGlobal
